
Microsoft Visual Studio Solution File, Format Version 12.00
# Visual Studio Version 17
VisualStudioVersion = 17.14.36212.18
MinimumVisualStudioVersion = 10.0.40219.1
Project("{FAE04EC0-301F-11D3-BF4B-00C04F79EFBC}") = "Đề 1", "BTVN-Bai3-PC10-nguyễn văn thanh\Đề 1.csproj", "{5B712591-E2D8-4FBC-B4AC-06FA7AC9EABD}"
EndProject
Project("{FAE04EC0-301F-11D3-BF4B-00C04F79EFBC}") = "Đề 2", "Đề 2\Đề 2.csproj", "{08E69112-EEBA-44D1-81DB-B81AD751221D}"
EndProject
Project("{FAE04EC0-301F-11D3-BF4B-00C04F79EFBC}") = "Đề 3", "Đề 3\Đề 3.csproj", "{5EBED923-F9E4-4A14-81D7-4A18C9E30F2F}"
EndProject
Project("{FAE04EC0-301F-11D3-BF4B-00C04F79EFBC}") = "Đề 4", "Đề 4\Đề 4.csproj", "{B860354A-6CB9-462E-AF11-E9B7871A2206}"
EndProject
Global
	GlobalSection(SolutionConfigurationPlatforms) = preSolution
		Debug|Any CPU = Debug|Any CPU
		Release|Any CPU = Release|Any CPU
	EndGlobalSection
	GlobalSection(ProjectConfigurationPlatforms) = postSolution
		{5B712591-E2D8-4FBC-B4AC-06FA7AC9EABD}.Debug|Any CPU.ActiveCfg = Debug|Any CPU
		{5B712591-E2D8-4FBC-B4AC-06FA7AC9EABD}.Debug|Any CPU.Build.0 = Debug|Any CPU
		{5B712591-E2D8-4FBC-B4AC-06FA7AC9EABD}.Release|Any CPU.ActiveCfg = Release|Any CPU
		{5B712591-E2D8-4FBC-B4AC-06FA7AC9EABD}.Release|Any CPU.Build.0 = Release|Any CPU
		{08E69112-EEBA-44D1-81DB-B81AD751221D}.Debug|Any CPU.ActiveCfg = Debug|Any CPU
		{08E69112-EEBA-44D1-81DB-B81AD751221D}.Debug|Any CPU.Build.0 = Debug|Any CPU
		{08E69112-EEBA-44D1-81DB-B81AD751221D}.Release|Any CPU.ActiveCfg = Release|Any CPU
		{08E69112-EEBA-44D1-81DB-B81AD751221D}.Release|Any CPU.Build.0 = Release|Any CPU
		{5EBED923-F9E4-4A14-81D7-4A18C9E30F2F}.Debug|Any CPU.ActiveCfg = Debug|Any CPU
		{5EBED923-F9E4-4A14-81D7-4A18C9E30F2F}.Debug|Any CPU.Build.0 = Debug|Any CPU
		{5EBED923-F9E4-4A14-81D7-4A18C9E30F2F}.Release|Any CPU.ActiveCfg = Release|Any CPU
		{5EBED923-F9E4-4A14-81D7-4A18C9E30F2F}.Release|Any CPU.Build.0 = Release|Any CPU
		{B860354A-6CB9-462E-AF11-E9B7871A2206}.Debug|Any CPU.ActiveCfg = Debug|Any CPU
		{B860354A-6CB9-462E-AF11-E9B7871A2206}.Debug|Any CPU.Build.0 = Debug|Any CPU
		{B860354A-6CB9-462E-AF11-E9B7871A2206}.Release|Any CPU.ActiveCfg = Release|Any CPU
		{B860354A-6CB9-462E-AF11-E9B7871A2206}.Release|Any CPU.Build.0 = Release|Any CPU
	EndGlobalSection
	GlobalSection(SolutionProperties) = preSolution
		HideSolutionNode = FALSE
	EndGlobalSection
	GlobalSection(ExtensibilityGlobals) = postSolution
		SolutionGuid = {8F0E7C41-5CB0-4024-9BD9-76C06A015BC3}
	EndGlobalSection
EndGlobal
