
Microsoft Visual Studio Solution File, Format Version 12.00
# Visual Studio Version 17
VisualStudioVersion = 17.14.36212.18 d17.14
MinimumVisualStudioVersion = 10.0.40219.1
Project("{FAE04EC0-301F-11D3-BF4B-00C04F79EFBC}") = "Bài 1", "Bài 1\Bài 1.csproj", "{F1CAC2FA-5553-4D46-9330-D6E6D919FF5A}"
EndProject
Global
	GlobalSection(SolutionConfigurationPlatforms) = preSolution
		Debug|Any CPU = Debug|Any CPU
		Release|Any CPU = Release|Any CPU
	EndGlobalSection
	GlobalSection(ProjectConfigurationPlatforms) = postSolution
		{F1CAC2FA-5553-4D46-9330-D6E6D919FF5A}.Debug|Any CPU.ActiveCfg = Debug|Any CPU
		{F1CAC2FA-5553-4D46-9330-D6E6D919FF5A}.Debug|Any CPU.Build.0 = Debug|Any CPU
		{F1CAC2FA-5553-4D46-9330-D6E6D919FF5A}.Release|Any CPU.ActiveCfg = Release|Any CPU
		{F1CAC2FA-5553-4D46-9330-D6E6D919FF5A}.Release|Any CPU.Build.0 = Release|Any CPU
	EndGlobalSection
	GlobalSection(SolutionProperties) = preSolution
		HideSolutionNode = FALSE
	EndGlobalSection
	GlobalSection(ExtensibilityGlobals) = postSolution
		SolutionGuid = {561509C7-3716-44D4-9C75-41D9FD2436C1}
	EndGlobalSection
EndGlobal
